
Microsoft Visual Studio Solution File, Format Version 12.00
# Visual Studio Version 16
VisualStudioVersion = 16.0.29009.5
MinimumVisualStudioVersion = 10.0.40219.1
Project("{9A19103F-16F7-4668-BE54-9A1E7A4F7556}") = "Magalu.Challenge.Data", "Magalu.Challenge.Data\Magalu.Challenge.Data.csproj", "{2284EBDC-F3CE-4003-84EB-7A6DE86E2911}"
EndProject
Project("{9A19103F-16F7-4668-BE54-9A1E7A4F7556}") = "Magalu.Challenge.Web.Api", "Magalu.Challenge.Web.Api\Magalu.Challenge.Web.Api.csproj", "{03F028CD-BB11-43DA-93F1-80871FA3FF80}"
EndProject
Project("{9A19103F-16F7-4668-BE54-9A1E7A4F7556}") = "Magalu.Challenge.Shared", "Magalu.Challenge.Shared\Magalu.Challenge.Shared.csproj", "{4A579EDD-D612-43AC-B29D-BA65A42F7AFB}"
EndProject
Project("{9A19103F-16F7-4668-BE54-9A1E7A4F7556}") = "Magalu.Challenge.Data.Development", "Magalu.Challenge.Data.Development\Magalu.Challenge.Data.Development.csproj", "{436C57F4-B21F-4C3B-934D-03C9CAC98387}"
EndProject
Project("{9A19103F-16F7-4668-BE54-9A1E7A4F7556}") = "Magalu.Challenge.Web.Api.IntegrationTests", "Magalu.Challenge.Web.Api.IntegrationTests\Magalu.Challenge.Web.Api.IntegrationTests.csproj", "{25DFDB79-10F3-45AC-BC7B-816B83768BFF}"
EndProject
Project("{2150E333-8FDC-42A3-9474-1A3956D46DE8}") = "Tests", "Tests", "{630B5ED9-BD6F-4277-A5BE-874FD80A8791}"
EndProject
Project("{2150E333-8FDC-42A3-9474-1A3956D46DE8}") = "Source", "Source", "{DE73DF6A-1A68-4337-BF4E-FFBAD2799350}"
EndProject
Project("{2150E333-8FDC-42A3-9474-1A3956D46DE8}") = "Documentation", "Documentation", "{084E2A36-93DE-4428-81D4-85559D824389}"
	ProjectSection(SolutionItems) = preProject
		README.md = README.md
	EndProjectSection
EndProject
Project("{9A19103F-16F7-4668-BE54-9A1E7A4F7556}") = "Magalu.Challenge.Domain", "Magalu.Challenge.Domain\Magalu.Challenge.Domain.csproj", "{5E09985F-3D6D-4950-9E58-CB0C3D92A1A3}"
EndProject
Project("{9A19103F-16F7-4668-BE54-9A1E7A4F7556}") = "Magalu.Challenge.ApplicationServices", "Magalu.Challenge.ApplicationServices\Magalu.Challenge.ApplicationServices.csproj", "{469D1DC0-14A1-41B2-90CC-BC8B1A9817C5}"
EndProject
Project("{9A19103F-16F7-4668-BE54-9A1E7A4F7556}") = "Magalu.Challenge.Application", "Magalu.Challenge.Application\Magalu.Challenge.Application.csproj", "{D2B74B6C-EF6C-458C-842E-DE46C8B66F77}"
EndProject
Project("{9A19103F-16F7-4668-BE54-9A1E7A4F7556}") = "Magalu.Challenge.Infrastructure", "Magalu.Challenge.Infrastructure\Magalu.Challenge.Infrastructure.csproj", "{CFB58CAF-6628-4074-8578-672EA803B4A0}"
EndProject
Project("{FAE04EC0-301F-11D3-BF4B-00C04F79EFBC}") = "Magalu.Challenge.Data.External", "Magalu.Challenge.Data.External\Magalu.Challenge.Data.External.csproj", "{EC2CB4AB-2B95-493F-9C41-A9A4F95725E5}"
EndProject
Project("{FAE04EC0-301F-11D3-BF4B-00C04F79EFBC}") = "Magalu.Challenge.UnitTests", "Magalu.Challenge.UnitTests\Magalu.Challenge.UnitTests.csproj", "{6CF3798E-8400-49B7-8275-6211FC559EB4}"
EndProject
Global
	GlobalSection(SolutionConfigurationPlatforms) = preSolution
		Debug|Any CPU = Debug|Any CPU
		Release|Any CPU = Release|Any CPU
	EndGlobalSection
	GlobalSection(ProjectConfigurationPlatforms) = postSolution
		{2284EBDC-F3CE-4003-84EB-7A6DE86E2911}.Debug|Any CPU.ActiveCfg = Debug|Any CPU
		{2284EBDC-F3CE-4003-84EB-7A6DE86E2911}.Debug|Any CPU.Build.0 = Debug|Any CPU
		{2284EBDC-F3CE-4003-84EB-7A6DE86E2911}.Release|Any CPU.ActiveCfg = Release|Any CPU
		{2284EBDC-F3CE-4003-84EB-7A6DE86E2911}.Release|Any CPU.Build.0 = Release|Any CPU
		{03F028CD-BB11-43DA-93F1-80871FA3FF80}.Debug|Any CPU.ActiveCfg = Debug|Any CPU
		{03F028CD-BB11-43DA-93F1-80871FA3FF80}.Debug|Any CPU.Build.0 = Debug|Any CPU
		{03F028CD-BB11-43DA-93F1-80871FA3FF80}.Release|Any CPU.ActiveCfg = Release|Any CPU
		{03F028CD-BB11-43DA-93F1-80871FA3FF80}.Release|Any CPU.Build.0 = Release|Any CPU
		{4A579EDD-D612-43AC-B29D-BA65A42F7AFB}.Debug|Any CPU.ActiveCfg = Debug|Any CPU
		{4A579EDD-D612-43AC-B29D-BA65A42F7AFB}.Debug|Any CPU.Build.0 = Debug|Any CPU
		{4A579EDD-D612-43AC-B29D-BA65A42F7AFB}.Release|Any CPU.ActiveCfg = Release|Any CPU
		{4A579EDD-D612-43AC-B29D-BA65A42F7AFB}.Release|Any CPU.Build.0 = Release|Any CPU
		{436C57F4-B21F-4C3B-934D-03C9CAC98387}.Debug|Any CPU.ActiveCfg = Debug|Any CPU
		{436C57F4-B21F-4C3B-934D-03C9CAC98387}.Debug|Any CPU.Build.0 = Debug|Any CPU
		{436C57F4-B21F-4C3B-934D-03C9CAC98387}.Release|Any CPU.ActiveCfg = Release|Any CPU
		{436C57F4-B21F-4C3B-934D-03C9CAC98387}.Release|Any CPU.Build.0 = Release|Any CPU
		{25DFDB79-10F3-45AC-BC7B-816B83768BFF}.Debug|Any CPU.ActiveCfg = Debug|Any CPU
		{25DFDB79-10F3-45AC-BC7B-816B83768BFF}.Debug|Any CPU.Build.0 = Debug|Any CPU
		{25DFDB79-10F3-45AC-BC7B-816B83768BFF}.Release|Any CPU.ActiveCfg = Release|Any CPU
		{25DFDB79-10F3-45AC-BC7B-816B83768BFF}.Release|Any CPU.Build.0 = Release|Any CPU
		{5E09985F-3D6D-4950-9E58-CB0C3D92A1A3}.Debug|Any CPU.ActiveCfg = Debug|Any CPU
		{5E09985F-3D6D-4950-9E58-CB0C3D92A1A3}.Debug|Any CPU.Build.0 = Debug|Any CPU
		{5E09985F-3D6D-4950-9E58-CB0C3D92A1A3}.Release|Any CPU.ActiveCfg = Release|Any CPU
		{5E09985F-3D6D-4950-9E58-CB0C3D92A1A3}.Release|Any CPU.Build.0 = Release|Any CPU
		{469D1DC0-14A1-41B2-90CC-BC8B1A9817C5}.Debug|Any CPU.ActiveCfg = Debug|Any CPU
		{469D1DC0-14A1-41B2-90CC-BC8B1A9817C5}.Debug|Any CPU.Build.0 = Debug|Any CPU
		{469D1DC0-14A1-41B2-90CC-BC8B1A9817C5}.Release|Any CPU.ActiveCfg = Release|Any CPU
		{469D1DC0-14A1-41B2-90CC-BC8B1A9817C5}.Release|Any CPU.Build.0 = Release|Any CPU
		{D2B74B6C-EF6C-458C-842E-DE46C8B66F77}.Debug|Any CPU.ActiveCfg = Debug|Any CPU
		{D2B74B6C-EF6C-458C-842E-DE46C8B66F77}.Debug|Any CPU.Build.0 = Debug|Any CPU
		{D2B74B6C-EF6C-458C-842E-DE46C8B66F77}.Release|Any CPU.ActiveCfg = Release|Any CPU
		{D2B74B6C-EF6C-458C-842E-DE46C8B66F77}.Release|Any CPU.Build.0 = Release|Any CPU
		{CFB58CAF-6628-4074-8578-672EA803B4A0}.Debug|Any CPU.ActiveCfg = Debug|Any CPU
		{CFB58CAF-6628-4074-8578-672EA803B4A0}.Debug|Any CPU.Build.0 = Debug|Any CPU
		{CFB58CAF-6628-4074-8578-672EA803B4A0}.Release|Any CPU.ActiveCfg = Release|Any CPU
		{CFB58CAF-6628-4074-8578-672EA803B4A0}.Release|Any CPU.Build.0 = Release|Any CPU
		{EC2CB4AB-2B95-493F-9C41-A9A4F95725E5}.Debug|Any CPU.ActiveCfg = Debug|Any CPU
		{EC2CB4AB-2B95-493F-9C41-A9A4F95725E5}.Debug|Any CPU.Build.0 = Debug|Any CPU
		{EC2CB4AB-2B95-493F-9C41-A9A4F95725E5}.Release|Any CPU.ActiveCfg = Release|Any CPU
		{EC2CB4AB-2B95-493F-9C41-A9A4F95725E5}.Release|Any CPU.Build.0 = Release|Any CPU
		{6CF3798E-8400-49B7-8275-6211FC559EB4}.Debug|Any CPU.ActiveCfg = Debug|Any CPU
		{6CF3798E-8400-49B7-8275-6211FC559EB4}.Debug|Any CPU.Build.0 = Debug|Any CPU
		{6CF3798E-8400-49B7-8275-6211FC559EB4}.Release|Any CPU.ActiveCfg = Release|Any CPU
		{6CF3798E-8400-49B7-8275-6211FC559EB4}.Release|Any CPU.Build.0 = Release|Any CPU
	EndGlobalSection
	GlobalSection(SolutionProperties) = preSolution
		HideSolutionNode = FALSE
	EndGlobalSection
	GlobalSection(NestedProjects) = preSolution
		{2284EBDC-F3CE-4003-84EB-7A6DE86E2911} = {DE73DF6A-1A68-4337-BF4E-FFBAD2799350}
		{03F028CD-BB11-43DA-93F1-80871FA3FF80} = {DE73DF6A-1A68-4337-BF4E-FFBAD2799350}
		{4A579EDD-D612-43AC-B29D-BA65A42F7AFB} = {DE73DF6A-1A68-4337-BF4E-FFBAD2799350}
		{436C57F4-B21F-4C3B-934D-03C9CAC98387} = {DE73DF6A-1A68-4337-BF4E-FFBAD2799350}
		{25DFDB79-10F3-45AC-BC7B-816B83768BFF} = {630B5ED9-BD6F-4277-A5BE-874FD80A8791}
		{5E09985F-3D6D-4950-9E58-CB0C3D92A1A3} = {DE73DF6A-1A68-4337-BF4E-FFBAD2799350}
		{469D1DC0-14A1-41B2-90CC-BC8B1A9817C5} = {DE73DF6A-1A68-4337-BF4E-FFBAD2799350}
		{D2B74B6C-EF6C-458C-842E-DE46C8B66F77} = {DE73DF6A-1A68-4337-BF4E-FFBAD2799350}
		{CFB58CAF-6628-4074-8578-672EA803B4A0} = {DE73DF6A-1A68-4337-BF4E-FFBAD2799350}
		{EC2CB4AB-2B95-493F-9C41-A9A4F95725E5} = {DE73DF6A-1A68-4337-BF4E-FFBAD2799350}
		{6CF3798E-8400-49B7-8275-6211FC559EB4} = {630B5ED9-BD6F-4277-A5BE-874FD80A8791}
	EndGlobalSection
	GlobalSection(ExtensibilityGlobals) = postSolution
		SolutionGuid = {35635CAC-59C8-41BE-93B4-51AFAAA5672D}
	EndGlobalSection
EndGlobal
