
Microsoft Visual Studio Solution File, Format Version 12.00
# Visual Studio Version 16
VisualStudioVersion = 16.0.29009.5
MinimumVisualStudioVersion = 10.0.40219.1
Project("{9A19103F-16F7-4668-BE54-9A1E7A4F7556}") = "Magalu.Challenge.Data", "Magalu.Challenge.Data\Magalu.Challenge.Data.csproj", "{2284EBDC-F3CE-4003-84EB-7A6DE86E2911}"
EndProject
Project("{9A19103F-16F7-4668-BE54-9A1E7A4F7556}") = "Magalu.Challenge.Web.Api", "Magalu.Challenge.Web.Api\Magalu.Challenge.Web.Api.csproj", "{03F028CD-BB11-43DA-93F1-80871FA3FF80}"
EndProject
Project("{9A19103F-16F7-4668-BE54-9A1E7A4F7556}") = "Magalu.Challenge.Shared", "Magalu.Challenge.Shared\Magalu.Challenge.Shared.csproj", "{4A579EDD-D612-43AC-B29D-BA65A42F7AFB}"
EndProject
Project("{9A19103F-16F7-4668-BE54-9A1E7A4F7556}") = "Magalu.Challenge.Security", "Magalu.Challenge.Security\Magalu.Challenge.Security.csproj", "{AC98D67B-20D3-4991-890C-4EB338061338}"
EndProject
Project("{9A19103F-16F7-4668-BE54-9A1E7A4F7556}") = "Magalu.Challenge.Data.Development", "Magalu.Challenge.Data.Development\Magalu.Challenge.Data.Development.csproj", "{436C57F4-B21F-4C3B-934D-03C9CAC98387}"
EndProject
Project("{FAE04EC0-301F-11D3-BF4B-00C04F79EFBC}") = "Magalu.Challenge.Web.Api.IntegrationTests", "Magalu.Challenge.Web.Api.IntegrationTests\Magalu.Challenge.Web.Api.IntegrationTests.csproj", "{25DFDB79-10F3-45AC-BC7B-816B83768BFF}"
EndProject
Global
	GlobalSection(SolutionConfigurationPlatforms) = preSolution
		Debug|Any CPU = Debug|Any CPU
		Release|Any CPU = Release|Any CPU
	EndGlobalSection
	GlobalSection(ProjectConfigurationPlatforms) = postSolution
		{2284EBDC-F3CE-4003-84EB-7A6DE86E2911}.Debug|Any CPU.ActiveCfg = Debug|Any CPU
		{2284EBDC-F3CE-4003-84EB-7A6DE86E2911}.Debug|Any CPU.Build.0 = Debug|Any CPU
		{2284EBDC-F3CE-4003-84EB-7A6DE86E2911}.Release|Any CPU.ActiveCfg = Release|Any CPU
		{2284EBDC-F3CE-4003-84EB-7A6DE86E2911}.Release|Any CPU.Build.0 = Release|Any CPU
		{03F028CD-BB11-43DA-93F1-80871FA3FF80}.Debug|Any CPU.ActiveCfg = Debug|Any CPU
		{03F028CD-BB11-43DA-93F1-80871FA3FF80}.Debug|Any CPU.Build.0 = Debug|Any CPU
		{03F028CD-BB11-43DA-93F1-80871FA3FF80}.Release|Any CPU.ActiveCfg = Release|Any CPU
		{03F028CD-BB11-43DA-93F1-80871FA3FF80}.Release|Any CPU.Build.0 = Release|Any CPU
		{4A579EDD-D612-43AC-B29D-BA65A42F7AFB}.Debug|Any CPU.ActiveCfg = Debug|Any CPU
		{4A579EDD-D612-43AC-B29D-BA65A42F7AFB}.Debug|Any CPU.Build.0 = Debug|Any CPU
		{4A579EDD-D612-43AC-B29D-BA65A42F7AFB}.Release|Any CPU.ActiveCfg = Release|Any CPU
		{4A579EDD-D612-43AC-B29D-BA65A42F7AFB}.Release|Any CPU.Build.0 = Release|Any CPU
		{AC98D67B-20D3-4991-890C-4EB338061338}.Debug|Any CPU.ActiveCfg = Debug|Any CPU
		{AC98D67B-20D3-4991-890C-4EB338061338}.Debug|Any CPU.Build.0 = Debug|Any CPU
		{AC98D67B-20D3-4991-890C-4EB338061338}.Release|Any CPU.ActiveCfg = Release|Any CPU
		{AC98D67B-20D3-4991-890C-4EB338061338}.Release|Any CPU.Build.0 = Release|Any CPU
		{436C57F4-B21F-4C3B-934D-03C9CAC98387}.Debug|Any CPU.ActiveCfg = Debug|Any CPU
		{436C57F4-B21F-4C3B-934D-03C9CAC98387}.Debug|Any CPU.Build.0 = Debug|Any CPU
		{436C57F4-B21F-4C3B-934D-03C9CAC98387}.Release|Any CPU.ActiveCfg = Release|Any CPU
		{436C57F4-B21F-4C3B-934D-03C9CAC98387}.Release|Any CPU.Build.0 = Release|Any CPU
		{25DFDB79-10F3-45AC-BC7B-816B83768BFF}.Debug|Any CPU.ActiveCfg = Debug|Any CPU
		{25DFDB79-10F3-45AC-BC7B-816B83768BFF}.Debug|Any CPU.Build.0 = Debug|Any CPU
		{25DFDB79-10F3-45AC-BC7B-816B83768BFF}.Release|Any CPU.ActiveCfg = Release|Any CPU
		{25DFDB79-10F3-45AC-BC7B-816B83768BFF}.Release|Any CPU.Build.0 = Release|Any CPU
	EndGlobalSection
	GlobalSection(SolutionProperties) = preSolution
		HideSolutionNode = FALSE
	EndGlobalSection
	GlobalSection(ExtensibilityGlobals) = postSolution
		SolutionGuid = {35635CAC-59C8-41BE-93B4-51AFAAA5672D}
	EndGlobalSection
EndGlobal
